// !$*UTF8*$!
{
	archiveVersion = 1;
	classes = {
	};
	objectVersion = 46;
	objects = {

/* Begin PBXBuildFile section */
		67C32C271599DD3D000E5533 /* UIKit.framework in Frameworks */ = {isa = PBXBuildFile; fileRef = 67C32C261599DD3D000E5533 /* UIKit.framework */; };
		67C32C291599DD3D000E5533 /* Foundation.framework in Frameworks */ = {isa = PBXBuildFile; fileRef = 67C32C281599DD3D000E5533 /* Foundation.framework */; };
		67C32C2B1599DD3D000E5533 /* CoreGraphics.framework in Frameworks */ = {isa = PBXBuildFile; fileRef = 67C32C2A1599DD3D000E5533 /* CoreGraphics.framework */; };
		67C32C311599DD3D000E5533 /* InfoPlist.strings in Resources */ = {isa = PBXBuildFile; fileRef = 67C32C2F1599DD3D000E5533 /* InfoPlist.strings */; };
		67C32C331599DD3D000E5533 /* main.m in Sources */ = {isa = PBXBuildFile; fileRef = 67C32C321599DD3D000E5533 /* main.m */; };
		67C32C371599DD3D000E5533 /* AppDelegate.m in Sources */ = {isa = PBXBuildFile; fileRef = 67C32C361599DD3D000E5533 /* AppDelegate.m */; };
		67C32C841599DF58000E5533 /* SystemConfiguration.framework in Frameworks */ = {isa = PBXBuildFile; fileRef = 67C32C831599DF58000E5533 /* SystemConfiguration.framework */; };
		67C32C861599DF69000E5533 /* libsqlite3.dylib in Frameworks */ = {isa = PBXBuildFile; fileRef = 67C32C851599DF69000E5533 /* libsqlite3.dylib */; };
		67C32CD11599E0F9000E5533 /* SoundListViewController.m in Sources */ = {isa = PBXBuildFile; fileRef = 67C32CD01599E0F9000E5533 /* SoundListViewController.m */; };
		67C32CD41599E11F000E5533 /* BaseViewController.m in Sources */ = {isa = PBXBuildFile; fileRef = 67C32CD31599E11F000E5533 /* BaseViewController.m */; };
		67C32CD71599E1D6000E5533 /* BaseTableViewController.m in Sources */ = {isa = PBXBuildFile; fileRef = 67C32CD61599E1D6000E5533 /* BaseTableViewController.m */; };
		CF53D89B159C36D1009CA3ED /* UIViewController+Alert.m in Sources */ = {isa = PBXBuildFile; fileRef = CF53D86B159C36D1009CA3ED /* UIViewController+Alert.m */; };
		CF53D89C159C36D1009CA3ED /* UIViewController+Loading.m in Sources */ = {isa = PBXBuildFile; fileRef = CF53D86D159C36D1009CA3ED /* UIViewController+Loading.m */; };
		CF53D89D159C36D1009CA3ED /* UIViewController+TabBar.m in Sources */ = {isa = PBXBuildFile; fileRef = CF53D86F159C36D1009CA3ED /* UIViewController+TabBar.m */; };
		CF53D89E159C36D1009CA3ED /* UIWebViewAdditions.m in Sources */ = {isa = PBXBuildFile; fileRef = CF53D871159C36D1009CA3ED /* UIWebViewAdditions.m */; };
		CF53D89F159C36D1009CA3ED /* HTTPDownloader.m in Sources */ = {isa = PBXBuildFile; fileRef = CF53D875159C36D1009CA3ED /* HTTPDownloader.m */; };
		CF53D8A0159C36D1009CA3ED /* HTTPRequester.m in Sources */ = {isa = PBXBuildFile; fileRef = CF53D877159C36D1009CA3ED /* HTTPRequester.m */; };
		CF53D8A1159C36D1009CA3ED /* NetworkManager.m in Sources */ = {isa = PBXBuildFile; fileRef = CF53D879159C36D1009CA3ED /* NetworkManager.m */; };
		CF53D8A2159C36D1009CA3ED /* Reachability.m in Sources */ = {isa = PBXBuildFile; fileRef = CF53D87B159C36D1009CA3ED /* Reachability.m */; };
		CF53D8A3159C36D1009CA3ED /* CustomPickerView.m in Sources */ = {isa = PBXBuildFile; fileRef = CF53D87E159C36D1009CA3ED /* CustomPickerView.m */; };
		CF53D8A4159C36D1009CA3ED /* PopOutTableView.m in Sources */ = {isa = PBXBuildFile; fileRef = CF53D880159C36D1009CA3ED /* PopOutTableView.m */; };
		CF53D8A5159C36D1009CA3ED /* Toast.m in Sources */ = {isa = PBXBuildFile; fileRef = CF53D882159C36D1009CA3ED /* Toast.m */; };
		CF53D8A6159C36D1009CA3ED /* UITools.m in Sources */ = {isa = PBXBuildFile; fileRef = CF53D884159C36D1009CA3ED /* UITools.m */; };
		CF53D8A7159C36D1009CA3ED /* SimpleCacheManager.m in Sources */ = {isa = PBXBuildFile; fileRef = CF53D889159C36D1009CA3ED /* SimpleCacheManager.m */; };
		CF53D8A8159C36D1009CA3ED /* CodeUtils.m in Sources */ = {isa = PBXBuildFile; fileRef = CF53D88B159C36D1009CA3ED /* CodeUtils.m */; };
		CF53D8A9159C36D1009CA3ED /* CommonUtils.m in Sources */ = {isa = PBXBuildFile; fileRef = CF53D88D159C36D1009CA3ED /* CommonUtils.m */; };
		CF53D8AA159C36D1009CA3ED /* DelayController.m in Sources */ = {isa = PBXBuildFile; fileRef = CF53D88F159C36D1009CA3ED /* DelayController.m */; };
		CF53D8AB159C36D1009CA3ED /* KeyboardState.m in Sources */ = {isa = PBXBuildFile; fileRef = CF53D891159C36D1009CA3ED /* KeyboardState.m */; };
		CF53D8AC159C36D1009CA3ED /* DBKeyValueManager.m in Sources */ = {isa = PBXBuildFile; fileRef = CF53D895159C36D1009CA3ED /* DBKeyValueManager.m */; };
		CF53D8AD159C36D1009CA3ED /* TaskQueue.m in Sources */ = {isa = PBXBuildFile; fileRef = CF53D898159C36D1009CA3ED /* TaskQueue.m */; };
		CF53D8AE159C36D1009CA3ED /* Timer.m in Sources */ = {isa = PBXBuildFile; fileRef = CF53D89A159C36D1009CA3ED /* Timer.m */; };
/* End PBXBuildFile section */

/* Begin PBXFileReference section */
		67C32C221599DD3D000E5533 /* imysound.app */ = {isa = PBXFileReference; explicitFileType = wrapper.application; includeInIndex = 0; path = imysound.app; sourceTree = BUILT_PRODUCTS_DIR; };
		67C32C261599DD3D000E5533 /* UIKit.framework */ = {isa = PBXFileReference; lastKnownFileType = wrapper.framework; name = UIKit.framework; path = System/Library/Frameworks/UIKit.framework; sourceTree = SDKROOT; };
		67C32C281599DD3D000E5533 /* Foundation.framework */ = {isa = PBXFileReference; lastKnownFileType = wrapper.framework; name = Foundation.framework; path = System/Library/Frameworks/Foundation.framework; sourceTree = SDKROOT; };
		67C32C2A1599DD3D000E5533 /* CoreGraphics.framework */ = {isa = PBXFileReference; lastKnownFileType = wrapper.framework; name = CoreGraphics.framework; path = System/Library/Frameworks/CoreGraphics.framework; sourceTree = SDKROOT; };
		67C32C2E1599DD3D000E5533 /* imysound-Info.plist */ = {isa = PBXFileReference; lastKnownFileType = text.plist.xml; path = "imysound-Info.plist"; sourceTree = "<group>"; };
		67C32C301599DD3D000E5533 /* en */ = {isa = PBXFileReference; lastKnownFileType = text.plist.strings; name = en; path = en.lproj/InfoPlist.strings; sourceTree = "<group>"; };
		67C32C321599DD3D000E5533 /* main.m */ = {isa = PBXFileReference; lastKnownFileType = sourcecode.c.objc; path = main.m; sourceTree = "<group>"; };
		67C32C341599DD3D000E5533 /* imysound-Prefix.pch */ = {isa = PBXFileReference; lastKnownFileType = sourcecode.c.h; path = "imysound-Prefix.pch"; sourceTree = "<group>"; };
		67C32C351599DD3D000E5533 /* AppDelegate.h */ = {isa = PBXFileReference; lastKnownFileType = sourcecode.c.h; path = AppDelegate.h; sourceTree = "<group>"; };
		67C32C361599DD3D000E5533 /* AppDelegate.m */ = {isa = PBXFileReference; lastKnownFileType = sourcecode.c.objc; path = AppDelegate.m; sourceTree = "<group>"; };
		67C32C831599DF58000E5533 /* SystemConfiguration.framework */ = {isa = PBXFileReference; lastKnownFileType = wrapper.framework; name = SystemConfiguration.framework; path = System/Library/Frameworks/SystemConfiguration.framework; sourceTree = SDKROOT; };
		67C32C851599DF69000E5533 /* libsqlite3.dylib */ = {isa = PBXFileReference; lastKnownFileType = "compiled.mach-o.dylib"; name = libsqlite3.dylib; path = usr/lib/libsqlite3.dylib; sourceTree = SDKROOT; };
		67C32CCF1599E0F9000E5533 /* SoundListViewController.h */ = {isa = PBXFileReference; fileEncoding = 4; lastKnownFileType = sourcecode.c.h; path = SoundListViewController.h; sourceTree = "<group>"; };
		67C32CD01599E0F9000E5533 /* SoundListViewController.m */ = {isa = PBXFileReference; fileEncoding = 4; lastKnownFileType = sourcecode.c.objc; path = SoundListViewController.m; sourceTree = "<group>"; };
		67C32CD21599E11F000E5533 /* BaseViewController.h */ = {isa = PBXFileReference; fileEncoding = 4; lastKnownFileType = sourcecode.c.h; path = BaseViewController.h; sourceTree = "<group>"; };
		67C32CD31599E11F000E5533 /* BaseViewController.m */ = {isa = PBXFileReference; fileEncoding = 4; lastKnownFileType = sourcecode.c.objc; path = BaseViewController.m; sourceTree = "<group>"; };
		67C32CD51599E1D6000E5533 /* BaseTableViewController.h */ = {isa = PBXFileReference; fileEncoding = 4; lastKnownFileType = sourcecode.c.h; path = BaseTableViewController.h; sourceTree = "<group>"; };
		67C32CD61599E1D6000E5533 /* BaseTableViewController.m */ = {isa = PBXFileReference; fileEncoding = 4; lastKnownFileType = sourcecode.c.objc; path = BaseTableViewController.m; sourceTree = "<group>"; };
		CF53D86A159C36D1009CA3ED /* UIViewController+Alert.h */ = {isa = PBXFileReference; fileEncoding = 4; lastKnownFileType = sourcecode.c.h; path = "UIViewController+Alert.h"; sourceTree = "<group>"; };
		CF53D86B159C36D1009CA3ED /* UIViewController+Alert.m */ = {isa = PBXFileReference; fileEncoding = 4; lastKnownFileType = sourcecode.c.objc; path = "UIViewController+Alert.m"; sourceTree = "<group>"; };
		CF53D86C159C36D1009CA3ED /* UIViewController+Loading.h */ = {isa = PBXFileReference; fileEncoding = 4; lastKnownFileType = sourcecode.c.h; path = "UIViewController+Loading.h"; sourceTree = "<group>"; };
		CF53D86D159C36D1009CA3ED /* UIViewController+Loading.m */ = {isa = PBXFileReference; fileEncoding = 4; lastKnownFileType = sourcecode.c.objc; path = "UIViewController+Loading.m"; sourceTree = "<group>"; };
		CF53D86E159C36D1009CA3ED /* UIViewController+TabBar.h */ = {isa = PBXFileReference; fileEncoding = 4; lastKnownFileType = sourcecode.c.h; path = "UIViewController+TabBar.h"; sourceTree = "<group>"; };
		CF53D86F159C36D1009CA3ED /* UIViewController+TabBar.m */ = {isa = PBXFileReference; fileEncoding = 4; lastKnownFileType = sourcecode.c.objc; path = "UIViewController+TabBar.m"; sourceTree = "<group>"; };
		CF53D870159C36D1009CA3ED /* UIWebViewAdditions.h */ = {isa = PBXFileReference; fileEncoding = 4; lastKnownFileType = sourcecode.c.h; path = UIWebViewAdditions.h; sourceTree = "<group>"; };
		CF53D871159C36D1009CA3ED /* UIWebViewAdditions.m */ = {isa = PBXFileReference; fileEncoding = 4; lastKnownFileType = sourcecode.c.objc; path = UIWebViewAdditions.m; sourceTree = "<group>"; };
		CF53D873159C36D1009CA3ED /* ContentProvider.h */ = {isa = PBXFileReference; fileEncoding = 4; lastKnownFileType = sourcecode.c.h; path = ContentProvider.h; sourceTree = "<group>"; };
		CF53D874159C36D1009CA3ED /* HTTPDownloader.h */ = {isa = PBXFileReference; fileEncoding = 4; lastKnownFileType = sourcecode.c.h; path = HTTPDownloader.h; sourceTree = "<group>"; };
		CF53D875159C36D1009CA3ED /* HTTPDownloader.m */ = {isa = PBXFileReference; fileEncoding = 4; lastKnownFileType = sourcecode.c.objc; path = HTTPDownloader.m; sourceTree = "<group>"; };
		CF53D876159C36D1009CA3ED /* HTTPRequester.h */ = {isa = PBXFileReference; fileEncoding = 4; lastKnownFileType = sourcecode.c.h; path = HTTPRequester.h; sourceTree = "<group>"; };
		CF53D877159C36D1009CA3ED /* HTTPRequester.m */ = {isa = PBXFileReference; fileEncoding = 4; lastKnownFileType = sourcecode.c.objc; path = HTTPRequester.m; sourceTree = "<group>"; };
		CF53D878159C36D1009CA3ED /* NetworkManager.h */ = {isa = PBXFileReference; fileEncoding = 4; lastKnownFileType = sourcecode.c.h; path = NetworkManager.h; sourceTree = "<group>"; };
		CF53D879159C36D1009CA3ED /* NetworkManager.m */ = {isa = PBXFileReference; fileEncoding = 4; lastKnownFileType = sourcecode.c.objc; path = NetworkManager.m; sourceTree = "<group>"; };
		CF53D87A159C36D1009CA3ED /* Reachability.h */ = {isa = PBXFileReference; fileEncoding = 4; lastKnownFileType = sourcecode.c.h; path = Reachability.h; sourceTree = "<group>"; };
		CF53D87B159C36D1009CA3ED /* Reachability.m */ = {isa = PBXFileReference; fileEncoding = 4; lastKnownFileType = sourcecode.c.objc; path = Reachability.m; sourceTree = "<group>"; };
		CF53D87D159C36D1009CA3ED /* CustomPickerView.h */ = {isa = PBXFileReference; fileEncoding = 4; lastKnownFileType = sourcecode.c.h; path = CustomPickerView.h; sourceTree = "<group>"; };
		CF53D87E159C36D1009CA3ED /* CustomPickerView.m */ = {isa = PBXFileReference; fileEncoding = 4; lastKnownFileType = sourcecode.c.objc; path = CustomPickerView.m; sourceTree = "<group>"; };
		CF53D87F159C36D1009CA3ED /* PopOutTableView.h */ = {isa = PBXFileReference; fileEncoding = 4; lastKnownFileType = sourcecode.c.h; path = PopOutTableView.h; sourceTree = "<group>"; };
		CF53D880159C36D1009CA3ED /* PopOutTableView.m */ = {isa = PBXFileReference; fileEncoding = 4; lastKnownFileType = sourcecode.c.objc; path = PopOutTableView.m; sourceTree = "<group>"; };
		CF53D881159C36D1009CA3ED /* Toast.h */ = {isa = PBXFileReference; fileEncoding = 4; lastKnownFileType = sourcecode.c.h; path = Toast.h; sourceTree = "<group>"; };
		CF53D882159C36D1009CA3ED /* Toast.m */ = {isa = PBXFileReference; fileEncoding = 4; lastKnownFileType = sourcecode.c.objc; path = Toast.m; sourceTree = "<group>"; };
		CF53D883159C36D1009CA3ED /* UITools.h */ = {isa = PBXFileReference; fileEncoding = 4; lastKnownFileType = sourcecode.c.h; path = UITools.h; sourceTree = "<group>"; };
		CF53D884159C36D1009CA3ED /* UITools.m */ = {isa = PBXFileReference; fileEncoding = 4; lastKnownFileType = sourcecode.c.objc; path = UITools.m; sourceTree = "<group>"; };
		CF53D887159C36D1009CA3ED /* CacheManager.h */ = {isa = PBXFileReference; fileEncoding = 4; lastKnownFileType = sourcecode.c.h; path = CacheManager.h; sourceTree = "<group>"; };
		CF53D888159C36D1009CA3ED /* SimpleCacheManager.h */ = {isa = PBXFileReference; fileEncoding = 4; lastKnownFileType = sourcecode.c.h; path = SimpleCacheManager.h; sourceTree = "<group>"; };
		CF53D889159C36D1009CA3ED /* SimpleCacheManager.m */ = {isa = PBXFileReference; fileEncoding = 4; lastKnownFileType = sourcecode.c.objc; path = SimpleCacheManager.m; sourceTree = "<group>"; };
		CF53D88A159C36D1009CA3ED /* CodeUtils.h */ = {isa = PBXFileReference; fileEncoding = 4; lastKnownFileType = sourcecode.c.h; path = CodeUtils.h; sourceTree = "<group>"; };
		CF53D88B159C36D1009CA3ED /* CodeUtils.m */ = {isa = PBXFileReference; fileEncoding = 4; lastKnownFileType = sourcecode.c.objc; path = CodeUtils.m; sourceTree = "<group>"; };
		CF53D88C159C36D1009CA3ED /* CommonUtils.h */ = {isa = PBXFileReference; fileEncoding = 4; lastKnownFileType = sourcecode.c.h; path = CommonUtils.h; sourceTree = "<group>"; };
		CF53D88D159C36D1009CA3ED /* CommonUtils.m */ = {isa = PBXFileReference; fileEncoding = 4; lastKnownFileType = sourcecode.c.objc; path = CommonUtils.m; sourceTree = "<group>"; };
		CF53D88E159C36D1009CA3ED /* DelayController.h */ = {isa = PBXFileReference; fileEncoding = 4; lastKnownFileType = sourcecode.c.h; path = DelayController.h; sourceTree = "<group>"; };
		CF53D88F159C36D1009CA3ED /* DelayController.m */ = {isa = PBXFileReference; fileEncoding = 4; lastKnownFileType = sourcecode.c.objc; path = DelayController.m; sourceTree = "<group>"; };
		CF53D890159C36D1009CA3ED /* KeyboardState.h */ = {isa = PBXFileReference; fileEncoding = 4; lastKnownFileType = sourcecode.c.h; path = KeyboardState.h; sourceTree = "<group>"; };
		CF53D891159C36D1009CA3ED /* KeyboardState.m */ = {isa = PBXFileReference; fileEncoding = 4; lastKnownFileType = sourcecode.c.objc; path = KeyboardState.m; sourceTree = "<group>"; };
		CF53D894159C36D1009CA3ED /* DBKeyValueManager.h */ = {isa = PBXFileReference; fileEncoding = 4; lastKnownFileType = sourcecode.c.h; path = DBKeyValueManager.h; sourceTree = "<group>"; };
		CF53D895159C36D1009CA3ED /* DBKeyValueManager.m */ = {isa = PBXFileReference; fileEncoding = 4; lastKnownFileType = sourcecode.c.objc; path = DBKeyValueManager.m; sourceTree = "<group>"; };
		CF53D896159C36D1009CA3ED /* KeyValueManager.h */ = {isa = PBXFileReference; fileEncoding = 4; lastKnownFileType = sourcecode.c.h; path = KeyValueManager.h; sourceTree = "<group>"; };
		CF53D897159C36D1009CA3ED /* TaskQueue.h */ = {isa = PBXFileReference; fileEncoding = 4; lastKnownFileType = sourcecode.c.h; path = TaskQueue.h; sourceTree = "<group>"; };
		CF53D898159C36D1009CA3ED /* TaskQueue.m */ = {isa = PBXFileReference; fileEncoding = 4; lastKnownFileType = sourcecode.c.objc; path = TaskQueue.m; sourceTree = "<group>"; };
		CF53D899159C36D1009CA3ED /* Timer.h */ = {isa = PBXFileReference; fileEncoding = 4; lastKnownFileType = sourcecode.c.h; path = Timer.h; sourceTree = "<group>"; };
		CF53D89A159C36D1009CA3ED /* Timer.m */ = {isa = PBXFileReference; fileEncoding = 4; lastKnownFileType = sourcecode.c.objc; path = Timer.m; sourceTree = "<group>"; };
/* End PBXFileReference section */

/* Begin PBXFrameworksBuildPhase section */
		67C32C1F1599DD3D000E5533 /* Frameworks */ = {
			isa = PBXFrameworksBuildPhase;
			buildActionMask = 2147483647;
			files = (
				67C32C861599DF69000E5533 /* libsqlite3.dylib in Frameworks */,
				67C32C841599DF58000E5533 /* SystemConfiguration.framework in Frameworks */,
				67C32C271599DD3D000E5533 /* UIKit.framework in Frameworks */,
				67C32C291599DD3D000E5533 /* Foundation.framework in Frameworks */,
				67C32C2B1599DD3D000E5533 /* CoreGraphics.framework in Frameworks */,
			);
			runOnlyForDeploymentPostprocessing = 0;
		};
/* End PBXFrameworksBuildPhase section */

/* Begin PBXGroup section */
		67C32C171599DD3D000E5533 = {
			isa = PBXGroup;
			children = (
				67C32C851599DF69000E5533 /* libsqlite3.dylib */,
				67C32C831599DF58000E5533 /* SystemConfiguration.framework */,
				CF53D868159C36D1009CA3ED /* CommonLib */,
				67C32C2C1599DD3D000E5533 /* imysound */,
				67C32C251599DD3D000E5533 /* Frameworks */,
				67C32C231599DD3D000E5533 /* Products */,
			);
			sourceTree = "<group>";
		};
		67C32C231599DD3D000E5533 /* Products */ = {
			isa = PBXGroup;
			children = (
				67C32C221599DD3D000E5533 /* imysound.app */,
			);
			name = Products;
			sourceTree = "<group>";
		};
		67C32C251599DD3D000E5533 /* Frameworks */ = {
			isa = PBXGroup;
			children = (
				67C32C261599DD3D000E5533 /* UIKit.framework */,
				67C32C281599DD3D000E5533 /* Foundation.framework */,
				67C32C2A1599DD3D000E5533 /* CoreGraphics.framework */,
			);
			name = Frameworks;
			sourceTree = "<group>";
		};
		67C32C2C1599DD3D000E5533 /* imysound */ = {
			isa = PBXGroup;
			children = (
				67C32CCD1599E0E4000E5533 /* ViewControllers */,
				67C32C351599DD3D000E5533 /* AppDelegate.h */,
				67C32C361599DD3D000E5533 /* AppDelegate.m */,
				67C32C2D1599DD3D000E5533 /* Supporting Files */,
			);
			path = imysound;
			sourceTree = "<group>";
		};
		67C32C2D1599DD3D000E5533 /* Supporting Files */ = {
			isa = PBXGroup;
			children = (
				67C32C2E1599DD3D000E5533 /* imysound-Info.plist */,
				67C32C2F1599DD3D000E5533 /* InfoPlist.strings */,
				67C32C321599DD3D000E5533 /* main.m */,
				67C32C341599DD3D000E5533 /* imysound-Prefix.pch */,
			);
			name = "Supporting Files";
			sourceTree = "<group>";
		};
		67C32CCD1599E0E4000E5533 /* ViewControllers */ = {
			isa = PBXGroup;
			children = (
				67C32CD81599E365000E5533 /* Base */,
				67C32CCF1599E0F9000E5533 /* SoundListViewController.h */,
				67C32CD01599E0F9000E5533 /* SoundListViewController.m */,
			);
			name = ViewControllers;
			sourceTree = "<group>";
		};
		67C32CD81599E365000E5533 /* Base */ = {
			isa = PBXGroup;
			children = (
				67C32CD21599E11F000E5533 /* BaseViewController.h */,
				67C32CD31599E11F000E5533 /* BaseViewController.m */,
				67C32CD51599E1D6000E5533 /* BaseTableViewController.h */,
				67C32CD61599E1D6000E5533 /* BaseTableViewController.m */,
			);
			name = Base;
			sourceTree = "<group>";
		};
		CF53D868159C36D1009CA3ED /* CommonLib */ = {
			isa = PBXGroup;
			children = (
				CF53D869159C36D1009CA3ED /* Addition */,
				CF53D872159C36D1009CA3ED /* Net */,
				CF53D87C159C36D1009CA3ED /* UI */,
				CF53D885159C36D1009CA3ED /* Util */,
			);
			path = CommonLib;
			sourceTree = "<group>";
		};
		CF53D869159C36D1009CA3ED /* Addition */ = {
			isa = PBXGroup;
			children = (
				CF53D86A159C36D1009CA3ED /* UIViewController+Alert.h */,
				CF53D86B159C36D1009CA3ED /* UIViewController+Alert.m */,
				CF53D86C159C36D1009CA3ED /* UIViewController+Loading.h */,
				CF53D86D159C36D1009CA3ED /* UIViewController+Loading.m */,
				CF53D86E159C36D1009CA3ED /* UIViewController+TabBar.h */,
				CF53D86F159C36D1009CA3ED /* UIViewController+TabBar.m */,
				CF53D870159C36D1009CA3ED /* UIWebViewAdditions.h */,
				CF53D871159C36D1009CA3ED /* UIWebViewAdditions.m */,
			);
			path = Addition;
			sourceTree = "<group>";
		};
		CF53D872159C36D1009CA3ED /* Net */ = {
			isa = PBXGroup;
			children = (
				CF53D873159C36D1009CA3ED /* ContentProvider.h */,
				CF53D874159C36D1009CA3ED /* HTTPDownloader.h */,
				CF53D875159C36D1009CA3ED /* HTTPDownloader.m */,
				CF53D876159C36D1009CA3ED /* HTTPRequester.h */,
				CF53D877159C36D1009CA3ED /* HTTPRequester.m */,
				CF53D878159C36D1009CA3ED /* NetworkManager.h */,
				CF53D879159C36D1009CA3ED /* NetworkManager.m */,
				CF53D87A159C36D1009CA3ED /* Reachability.h */,
				CF53D87B159C36D1009CA3ED /* Reachability.m */,
			);
			path = Net;
			sourceTree = "<group>";
		};
		CF53D87C159C36D1009CA3ED /* UI */ = {
			isa = PBXGroup;
			children = (
				CF53D87D159C36D1009CA3ED /* CustomPickerView.h */,
				CF53D87E159C36D1009CA3ED /* CustomPickerView.m */,
				CF53D87F159C36D1009CA3ED /* PopOutTableView.h */,
				CF53D880159C36D1009CA3ED /* PopOutTableView.m */,
				CF53D881159C36D1009CA3ED /* Toast.h */,
				CF53D882159C36D1009CA3ED /* Toast.m */,
				CF53D883159C36D1009CA3ED /* UITools.h */,
				CF53D884159C36D1009CA3ED /* UITools.m */,
			);
			path = UI;
			sourceTree = "<group>";
		};
		CF53D885159C36D1009CA3ED /* Util */ = {
			isa = PBXGroup;
			children = (
				CF53D886159C36D1009CA3ED /* CacheManager */,
				CF53D88A159C36D1009CA3ED /* CodeUtils.h */,
				CF53D88B159C36D1009CA3ED /* CodeUtils.m */,
				CF53D88C159C36D1009CA3ED /* CommonUtils.h */,
				CF53D88D159C36D1009CA3ED /* CommonUtils.m */,
				CF53D88E159C36D1009CA3ED /* DelayController.h */,
				CF53D88F159C36D1009CA3ED /* DelayController.m */,
				CF53D890159C36D1009CA3ED /* KeyboardState.h */,
				CF53D891159C36D1009CA3ED /* KeyboardState.m */,
				CF53D892159C36D1009CA3ED /* KeyValueManager */,
				CF53D897159C36D1009CA3ED /* TaskQueue.h */,
				CF53D898159C36D1009CA3ED /* TaskQueue.m */,
				CF53D899159C36D1009CA3ED /* Timer.h */,
				CF53D89A159C36D1009CA3ED /* Timer.m */,
			);
			path = Util;
			sourceTree = "<group>";
		};
		CF53D886159C36D1009CA3ED /* CacheManager */ = {
			isa = PBXGroup;
			children = (
				CF53D887159C36D1009CA3ED /* CacheManager.h */,
				CF53D888159C36D1009CA3ED /* SimpleCacheManager.h */,
				CF53D889159C36D1009CA3ED /* SimpleCacheManager.m */,
			);
			path = CacheManager;
			sourceTree = "<group>";
		};
		CF53D892159C36D1009CA3ED /* KeyValueManager */ = {
			isa = PBXGroup;
			children = (
				CF53D893159C36D1009CA3ED /* impl */,
				CF53D896159C36D1009CA3ED /* KeyValueManager.h */,
			);
			path = KeyValueManager;
			sourceTree = "<group>";
		};
		CF53D893159C36D1009CA3ED /* impl */ = {
			isa = PBXGroup;
			children = (
				CF53D894159C36D1009CA3ED /* DBKeyValueManager.h */,
				CF53D895159C36D1009CA3ED /* DBKeyValueManager.m */,
			);
			path = impl;
			sourceTree = "<group>";
		};
/* End PBXGroup section */

/* Begin PBXNativeTarget section */
		67C32C211599DD3D000E5533 /* imysound */ = {
			isa = PBXNativeTarget;
			buildConfigurationList = 67C32C3A1599DD3D000E5533 /* Build configuration list for PBXNativeTarget "imysound" */;
			buildPhases = (
				67C32C1E1599DD3D000E5533 /* Sources */,
				67C32C1F1599DD3D000E5533 /* Frameworks */,
				67C32C201599DD3D000E5533 /* Resources */,
			);
			buildRules = (
			);
			dependencies = (
			);
			name = imysound;
			productName = imysound;
			productReference = 67C32C221599DD3D000E5533 /* imysound.app */;
			productType = "com.apple.product-type.application";
		};
/* End PBXNativeTarget section */

/* Begin PBXProject section */
		67C32C191599DD3D000E5533 /* Project object */ = {
			isa = PBXProject;
			attributes = {
				LastUpgradeCheck = 0430;
			};
			buildConfigurationList = 67C32C1C1599DD3D000E5533 /* Build configuration list for PBXProject "imysound" */;
			compatibilityVersion = "Xcode 3.2";
			developmentRegion = English;
			hasScannedForEncodings = 0;
			knownRegions = (
				en,
			);
			mainGroup = 67C32C171599DD3D000E5533;
			productRefGroup = 67C32C231599DD3D000E5533 /* Products */;
			projectDirPath = "";
			projectRoot = "";
			targets = (
				67C32C211599DD3D000E5533 /* imysound */,
			);
		};
/* End PBXProject section */

/* Begin PBXResourcesBuildPhase section */
		67C32C201599DD3D000E5533 /* Resources */ = {
			isa = PBXResourcesBuildPhase;
			buildActionMask = 2147483647;
			files = (
				67C32C311599DD3D000E5533 /* InfoPlist.strings in Resources */,
			);
			runOnlyForDeploymentPostprocessing = 0;
		};
/* End PBXResourcesBuildPhase section */

/* Begin PBXSourcesBuildPhase section */
		67C32C1E1599DD3D000E5533 /* Sources */ = {
			isa = PBXSourcesBuildPhase;
			buildActionMask = 2147483647;
			files = (
				67C32C331599DD3D000E5533 /* main.m in Sources */,
				67C32C371599DD3D000E5533 /* AppDelegate.m in Sources */,
				67C32CD11599E0F9000E5533 /* SoundListViewController.m in Sources */,
				67C32CD41599E11F000E5533 /* BaseViewController.m in Sources */,
				67C32CD71599E1D6000E5533 /* BaseTableViewController.m in Sources */,
				CF53D89B159C36D1009CA3ED /* UIViewController+Alert.m in Sources */,
				CF53D89C159C36D1009CA3ED /* UIViewController+Loading.m in Sources */,
				CF53D89D159C36D1009CA3ED /* UIViewController+TabBar.m in Sources */,
				CF53D89E159C36D1009CA3ED /* UIWebViewAdditions.m in Sources */,
				CF53D89F159C36D1009CA3ED /* HTTPDownloader.m in Sources */,
				CF53D8A0159C36D1009CA3ED /* HTTPRequester.m in Sources */,
				CF53D8A1159C36D1009CA3ED /* NetworkManager.m in Sources */,
				CF53D8A2159C36D1009CA3ED /* Reachability.m in Sources */,
				CF53D8A3159C36D1009CA3ED /* CustomPickerView.m in Sources */,
				CF53D8A4159C36D1009CA3ED /* PopOutTableView.m in Sources */,
				CF53D8A5159C36D1009CA3ED /* Toast.m in Sources */,
				CF53D8A6159C36D1009CA3ED /* UITools.m in Sources */,
				CF53D8A7159C36D1009CA3ED /* SimpleCacheManager.m in Sources */,
				CF53D8A8159C36D1009CA3ED /* CodeUtils.m in Sources */,
				CF53D8A9159C36D1009CA3ED /* CommonUtils.m in Sources */,
				CF53D8AA159C36D1009CA3ED /* DelayController.m in Sources */,
				CF53D8AB159C36D1009CA3ED /* KeyboardState.m in Sources */,
				CF53D8AC159C36D1009CA3ED /* DBKeyValueManager.m in Sources */,
				CF53D8AD159C36D1009CA3ED /* TaskQueue.m in Sources */,
				CF53D8AE159C36D1009CA3ED /* Timer.m in Sources */,
			);
			runOnlyForDeploymentPostprocessing = 0;
		};
/* End PBXSourcesBuildPhase section */

/* Begin PBXVariantGroup section */
		67C32C2F1599DD3D000E5533 /* InfoPlist.strings */ = {
			isa = PBXVariantGroup;
			children = (
				67C32C301599DD3D000E5533 /* en */,
			);
			name = InfoPlist.strings;
			sourceTree = "<group>";
		};
/* End PBXVariantGroup section */

/* Begin XCBuildConfiguration section */
		67C32C381599DD3D000E5533 /* Debug */ = {
			isa = XCBuildConfiguration;
			buildSettings = {
				ALWAYS_SEARCH_USER_PATHS = NO;
				ARCHS = "$(ARCHS_STANDARD_32_BIT)";
				"CODE_SIGN_IDENTITY[sdk=iphoneos*]" = "iPhone Developer";
				COPY_PHASE_STRIP = NO;
				GCC_C_LANGUAGE_STANDARD = gnu99;
				GCC_DYNAMIC_NO_PIC = NO;
				GCC_OPTIMIZATION_LEVEL = 0;
				GCC_PREPROCESSOR_DEFINITIONS = (
					"DEBUG=1",
					"$(inherited)",
				);
				GCC_SYMBOLS_PRIVATE_EXTERN = NO;
				GCC_VERSION = com.apple.compilers.llvm.clang.1_0;
				GCC_WARN_ABOUT_RETURN_TYPE = YES;
				GCC_WARN_UNINITIALIZED_AUTOS = YES;
				GCC_WARN_UNUSED_VARIABLE = YES;
				IPHONEOS_DEPLOYMENT_TARGET = 5.1;
				SDKROOT = iphoneos;
				TARGETED_DEVICE_FAMILY = "1,2";
			};
			name = Debug;
		};
		67C32C391599DD3D000E5533 /* Release */ = {
			isa = XCBuildConfiguration;
			buildSettings = {
				ALWAYS_SEARCH_USER_PATHS = NO;
				ARCHS = "$(ARCHS_STANDARD_32_BIT)";
				"CODE_SIGN_IDENTITY[sdk=iphoneos*]" = "iPhone Developer";
				COPY_PHASE_STRIP = YES;
				GCC_C_LANGUAGE_STANDARD = gnu99;
				GCC_VERSION = com.apple.compilers.llvm.clang.1_0;
				GCC_WARN_ABOUT_RETURN_TYPE = YES;
				GCC_WARN_UNINITIALIZED_AUTOS = YES;
				GCC_WARN_UNUSED_VARIABLE = YES;
				IPHONEOS_DEPLOYMENT_TARGET = 5.1;
				OTHER_CFLAGS = "-DNS_BLOCK_ASSERTIONS=1";
				SDKROOT = iphoneos;
				TARGETED_DEVICE_FAMILY = "1,2";
				VALIDATE_PRODUCT = YES;
			};
			name = Release;
		};
		67C32C3B1599DD3D000E5533 /* Debug */ = {
			isa = XCBuildConfiguration;
			buildSettings = {
				GCC_PRECOMPILE_PREFIX_HEADER = YES;
				GCC_PREFIX_HEADER = "imysound/imysound-Prefix.pch";
				INFOPLIST_FILE = "imysound/imysound-Info.plist";
				PRODUCT_NAME = "$(TARGET_NAME)";
				WRAPPER_EXTENSION = app;
			};
			name = Debug;
		};
		67C32C3C1599DD3D000E5533 /* Release */ = {
			isa = XCBuildConfiguration;
			buildSettings = {
				GCC_PRECOMPILE_PREFIX_HEADER = YES;
				GCC_PREFIX_HEADER = "imysound/imysound-Prefix.pch";
				INFOPLIST_FILE = "imysound/imysound-Info.plist";
				PRODUCT_NAME = "$(TARGET_NAME)";
				WRAPPER_EXTENSION = app;
			};
			name = Release;
		};
/* End XCBuildConfiguration section */

/* Begin XCConfigurationList section */
		67C32C1C1599DD3D000E5533 /* Build configuration list for PBXProject "imysound" */ = {
			isa = XCConfigurationList;
			buildConfigurations = (
				67C32C381599DD3D000E5533 /* Debug */,
				67C32C391599DD3D000E5533 /* Release */,
			);
			defaultConfigurationIsVisible = 0;
			defaultConfigurationName = Release;
		};
		67C32C3A1599DD3D000E5533 /* Build configuration list for PBXNativeTarget "imysound" */ = {
			isa = XCConfigurationList;
			buildConfigurations = (
				67C32C3B1599DD3D000E5533 /* Debug */,
				67C32C3C1599DD3D000E5533 /* Release */,
			);
			defaultConfigurationIsVisible = 0;
			defaultConfigurationName = Release;
		};
/* End XCConfigurationList section */
	};
	rootObject = 67C32C191599DD3D000E5533 /* Project object */;
}
