// !$*UTF8*$!
{
	archiveVersion = 1;
	classes = {
	};
	objectVersion = 46;
	objects = {

/* Begin PBXBuildFile section */
		67C32C271599DD3D000E5533 /* UIKit.framework in Frameworks */ = {isa = PBXBuildFile; fileRef = 67C32C261599DD3D000E5533 /* UIKit.framework */; };
		67C32C291599DD3D000E5533 /* Foundation.framework in Frameworks */ = {isa = PBXBuildFile; fileRef = 67C32C281599DD3D000E5533 /* Foundation.framework */; };
		67C32C2B1599DD3D000E5533 /* CoreGraphics.framework in Frameworks */ = {isa = PBXBuildFile; fileRef = 67C32C2A1599DD3D000E5533 /* CoreGraphics.framework */; };
		67C32C311599DD3D000E5533 /* InfoPlist.strings in Resources */ = {isa = PBXBuildFile; fileRef = 67C32C2F1599DD3D000E5533 /* InfoPlist.strings */; };
		67C32C331599DD3D000E5533 /* main.m in Sources */ = {isa = PBXBuildFile; fileRef = 67C32C321599DD3D000E5533 /* main.m */; };
		67C32C371599DD3D000E5533 /* AppDelegate.m in Sources */ = {isa = PBXBuildFile; fileRef = 67C32C361599DD3D000E5533 /* AppDelegate.m */; };
		67C32C841599DF58000E5533 /* SystemConfiguration.framework in Frameworks */ = {isa = PBXBuildFile; fileRef = 67C32C831599DF58000E5533 /* SystemConfiguration.framework */; };
		67C32C861599DF69000E5533 /* libsqlite3.dylib in Frameworks */ = {isa = PBXBuildFile; fileRef = 67C32C851599DF69000E5533 /* libsqlite3.dylib */; };
		67C32CD11599E0F9000E5533 /* SoundListViewController.m in Sources */ = {isa = PBXBuildFile; fileRef = 67C32CD01599E0F9000E5533 /* SoundListViewController.m */; };
		67C32CD41599E11F000E5533 /* BaseViewController.m in Sources */ = {isa = PBXBuildFile; fileRef = 67C32CD31599E11F000E5533 /* BaseViewController.m */; };
		67C32CD71599E1D6000E5533 /* BaseTableViewController.m in Sources */ = {isa = PBXBuildFile; fileRef = 67C32CD61599E1D6000E5533 /* BaseTableViewController.m */; };
		CF8800FA159C025100F01682 /* UIViewController+Alert.m in Sources */ = {isa = PBXBuildFile; fileRef = CF8800CA159C025000F01682 /* UIViewController+Alert.m */; };
		CF8800FB159C025100F01682 /* UIViewController+Loading.m in Sources */ = {isa = PBXBuildFile; fileRef = CF8800CC159C025000F01682 /* UIViewController+Loading.m */; };
		CF8800FC159C025100F01682 /* UIViewController+TabBar.m in Sources */ = {isa = PBXBuildFile; fileRef = CF8800CE159C025000F01682 /* UIViewController+TabBar.m */; };
		CF8800FD159C025100F01682 /* UIWebViewAdditions.m in Sources */ = {isa = PBXBuildFile; fileRef = CF8800D0159C025000F01682 /* UIWebViewAdditions.m */; };
		CF8800FE159C025100F01682 /* HTTPDownloader.m in Sources */ = {isa = PBXBuildFile; fileRef = CF8800D4159C025000F01682 /* HTTPDownloader.m */; };
		CF8800FF159C025100F01682 /* HTTPRequester.m in Sources */ = {isa = PBXBuildFile; fileRef = CF8800D6159C025000F01682 /* HTTPRequester.m */; };
		CF880100159C025100F01682 /* NetworkManager.m in Sources */ = {isa = PBXBuildFile; fileRef = CF8800D8159C025000F01682 /* NetworkManager.m */; };
		CF880101159C025100F01682 /* Reachability.m in Sources */ = {isa = PBXBuildFile; fileRef = CF8800DA159C025000F01682 /* Reachability.m */; };
		CF880102159C025100F01682 /* CustomPickerView.m in Sources */ = {isa = PBXBuildFile; fileRef = CF8800DD159C025000F01682 /* CustomPickerView.m */; };
		CF880103159C025100F01682 /* PopOutTableView.m in Sources */ = {isa = PBXBuildFile; fileRef = CF8800DF159C025000F01682 /* PopOutTableView.m */; };
		CF880104159C025100F01682 /* Toast.m in Sources */ = {isa = PBXBuildFile; fileRef = CF8800E1159C025000F01682 /* Toast.m */; };
		CF880105159C025100F01682 /* UITools.m in Sources */ = {isa = PBXBuildFile; fileRef = CF8800E3159C025000F01682 /* UITools.m */; };
		CF880106159C025100F01682 /* SimpleCacheManager.m in Sources */ = {isa = PBXBuildFile; fileRef = CF8800E8159C025000F01682 /* SimpleCacheManager.m */; };
		CF880107159C025100F01682 /* CodeUtils.m in Sources */ = {isa = PBXBuildFile; fileRef = CF8800EA159C025000F01682 /* CodeUtils.m */; };
		CF880108159C025100F01682 /* CommonUtils.m in Sources */ = {isa = PBXBuildFile; fileRef = CF8800EC159C025000F01682 /* CommonUtils.m */; };
		CF880109159C025100F01682 /* DelayController.m in Sources */ = {isa = PBXBuildFile; fileRef = CF8800EE159C025000F01682 /* DelayController.m */; };
		CF88010A159C025100F01682 /* KeyboardState.m in Sources */ = {isa = PBXBuildFile; fileRef = CF8800F0159C025000F01682 /* KeyboardState.m */; };
		CF88010B159C025100F01682 /* DBKeyValueManager.m in Sources */ = {isa = PBXBuildFile; fileRef = CF8800F4159C025000F01682 /* DBKeyValueManager.m */; };
		CF88010C159C025100F01682 /* TaskQueue.m in Sources */ = {isa = PBXBuildFile; fileRef = CF8800F7159C025000F01682 /* TaskQueue.m */; };
		CF88010D159C025100F01682 /* Timer.m in Sources */ = {isa = PBXBuildFile; fileRef = CF8800F9159C025000F01682 /* Timer.m */; };
/* End PBXBuildFile section */

/* Begin PBXFileReference section */
		67C32C221599DD3D000E5533 /* imysound.app */ = {isa = PBXFileReference; explicitFileType = wrapper.application; includeInIndex = 0; path = imysound.app; sourceTree = BUILT_PRODUCTS_DIR; };
		67C32C261599DD3D000E5533 /* UIKit.framework */ = {isa = PBXFileReference; lastKnownFileType = wrapper.framework; name = UIKit.framework; path = System/Library/Frameworks/UIKit.framework; sourceTree = SDKROOT; };
		67C32C281599DD3D000E5533 /* Foundation.framework */ = {isa = PBXFileReference; lastKnownFileType = wrapper.framework; name = Foundation.framework; path = System/Library/Frameworks/Foundation.framework; sourceTree = SDKROOT; };
		67C32C2A1599DD3D000E5533 /* CoreGraphics.framework */ = {isa = PBXFileReference; lastKnownFileType = wrapper.framework; name = CoreGraphics.framework; path = System/Library/Frameworks/CoreGraphics.framework; sourceTree = SDKROOT; };
		67C32C2E1599DD3D000E5533 /* imysound-Info.plist */ = {isa = PBXFileReference; lastKnownFileType = text.plist.xml; path = "imysound-Info.plist"; sourceTree = "<group>"; };
		67C32C301599DD3D000E5533 /* en */ = {isa = PBXFileReference; lastKnownFileType = text.plist.strings; name = en; path = en.lproj/InfoPlist.strings; sourceTree = "<group>"; };
		67C32C321599DD3D000E5533 /* main.m */ = {isa = PBXFileReference; lastKnownFileType = sourcecode.c.objc; path = main.m; sourceTree = "<group>"; };
		67C32C341599DD3D000E5533 /* imysound-Prefix.pch */ = {isa = PBXFileReference; lastKnownFileType = sourcecode.c.h; path = "imysound-Prefix.pch"; sourceTree = "<group>"; };
		67C32C351599DD3D000E5533 /* AppDelegate.h */ = {isa = PBXFileReference; lastKnownFileType = sourcecode.c.h; path = AppDelegate.h; sourceTree = "<group>"; };
		67C32C361599DD3D000E5533 /* AppDelegate.m */ = {isa = PBXFileReference; lastKnownFileType = sourcecode.c.objc; path = AppDelegate.m; sourceTree = "<group>"; };
		67C32C831599DF58000E5533 /* SystemConfiguration.framework */ = {isa = PBXFileReference; lastKnownFileType = wrapper.framework; name = SystemConfiguration.framework; path = System/Library/Frameworks/SystemConfiguration.framework; sourceTree = SDKROOT; };
		67C32C851599DF69000E5533 /* libsqlite3.dylib */ = {isa = PBXFileReference; lastKnownFileType = "compiled.mach-o.dylib"; name = libsqlite3.dylib; path = usr/lib/libsqlite3.dylib; sourceTree = SDKROOT; };
		67C32CCF1599E0F9000E5533 /* SoundListViewController.h */ = {isa = PBXFileReference; fileEncoding = 4; lastKnownFileType = sourcecode.c.h; path = SoundListViewController.h; sourceTree = "<group>"; };
		67C32CD01599E0F9000E5533 /* SoundListViewController.m */ = {isa = PBXFileReference; fileEncoding = 4; lastKnownFileType = sourcecode.c.objc; path = SoundListViewController.m; sourceTree = "<group>"; };
		67C32CD21599E11F000E5533 /* BaseViewController.h */ = {isa = PBXFileReference; fileEncoding = 4; lastKnownFileType = sourcecode.c.h; path = BaseViewController.h; sourceTree = "<group>"; };
		67C32CD31599E11F000E5533 /* BaseViewController.m */ = {isa = PBXFileReference; fileEncoding = 4; lastKnownFileType = sourcecode.c.objc; path = BaseViewController.m; sourceTree = "<group>"; };
		67C32CD51599E1D6000E5533 /* BaseTableViewController.h */ = {isa = PBXFileReference; fileEncoding = 4; lastKnownFileType = sourcecode.c.h; path = BaseTableViewController.h; sourceTree = "<group>"; };
		67C32CD61599E1D6000E5533 /* BaseTableViewController.m */ = {isa = PBXFileReference; fileEncoding = 4; lastKnownFileType = sourcecode.c.objc; path = BaseTableViewController.m; sourceTree = "<group>"; };
		CF8800C9159C025000F01682 /* UIViewController+Alert.h */ = {isa = PBXFileReference; fileEncoding = 4; lastKnownFileType = sourcecode.c.h; path = "UIViewController+Alert.h"; sourceTree = "<group>"; };
		CF8800CA159C025000F01682 /* UIViewController+Alert.m */ = {isa = PBXFileReference; fileEncoding = 4; lastKnownFileType = sourcecode.c.objc; path = "UIViewController+Alert.m"; sourceTree = "<group>"; };
		CF8800CB159C025000F01682 /* UIViewController+Loading.h */ = {isa = PBXFileReference; fileEncoding = 4; lastKnownFileType = sourcecode.c.h; path = "UIViewController+Loading.h"; sourceTree = "<group>"; };
		CF8800CC159C025000F01682 /* UIViewController+Loading.m */ = {isa = PBXFileReference; fileEncoding = 4; lastKnownFileType = sourcecode.c.objc; path = "UIViewController+Loading.m"; sourceTree = "<group>"; };
		CF8800CD159C025000F01682 /* UIViewController+TabBar.h */ = {isa = PBXFileReference; fileEncoding = 4; lastKnownFileType = sourcecode.c.h; path = "UIViewController+TabBar.h"; sourceTree = "<group>"; };
		CF8800CE159C025000F01682 /* UIViewController+TabBar.m */ = {isa = PBXFileReference; fileEncoding = 4; lastKnownFileType = sourcecode.c.objc; path = "UIViewController+TabBar.m"; sourceTree = "<group>"; };
		CF8800CF159C025000F01682 /* UIWebViewAdditions.h */ = {isa = PBXFileReference; fileEncoding = 4; lastKnownFileType = sourcecode.c.h; path = UIWebViewAdditions.h; sourceTree = "<group>"; };
		CF8800D0159C025000F01682 /* UIWebViewAdditions.m */ = {isa = PBXFileReference; fileEncoding = 4; lastKnownFileType = sourcecode.c.objc; path = UIWebViewAdditions.m; sourceTree = "<group>"; };
		CF8800D2159C025000F01682 /* ContentProvider.h */ = {isa = PBXFileReference; fileEncoding = 4; path = ContentProvider.h; sourceTree = "<group>"; };
		CF8800D3159C025000F01682 /* HTTPDownloader.h */ = {isa = PBXFileReference; fileEncoding = 4; path = HTTPDownloader.h; sourceTree = "<group>"; };
		CF8800D4159C025000F01682 /* HTTPDownloader.m */ = {isa = PBXFileReference; fileEncoding = 4; lastKnownFileType = sourcecode.c.objc; path = HTTPDownloader.m; sourceTree = "<group>"; };
		CF8800D5159C025000F01682 /* HTTPRequester.h */ = {isa = PBXFileReference; fileEncoding = 4; lastKnownFileType = sourcecode.c.h; path = HTTPRequester.h; sourceTree = "<group>"; };
		CF8800D6159C025000F01682 /* HTTPRequester.m */ = {isa = PBXFileReference; fileEncoding = 4; lastKnownFileType = sourcecode.c.objc; path = HTTPRequester.m; sourceTree = "<group>"; };
		CF8800D7159C025000F01682 /* NetworkManager.h */ = {isa = PBXFileReference; fileEncoding = 4; lastKnownFileType = sourcecode.c.h; path = NetworkManager.h; sourceTree = "<group>"; };
		CF8800D8159C025000F01682 /* NetworkManager.m */ = {isa = PBXFileReference; fileEncoding = 4; lastKnownFileType = sourcecode.c.objc; path = NetworkManager.m; sourceTree = "<group>"; };
		CF8800D9159C025000F01682 /* Reachability.h */ = {isa = PBXFileReference; fileEncoding = 4; lastKnownFileType = sourcecode.c.h; path = Reachability.h; sourceTree = "<group>"; };
		CF8800DA159C025000F01682 /* Reachability.m */ = {isa = PBXFileReference; fileEncoding = 4; lastKnownFileType = sourcecode.c.objc; path = Reachability.m; sourceTree = "<group>"; };
		CF8800DC159C025000F01682 /* CustomPickerView.h */ = {isa = PBXFileReference; fileEncoding = 4; lastKnownFileType = sourcecode.c.h; path = CustomPickerView.h; sourceTree = "<group>"; };
		CF8800DD159C025000F01682 /* CustomPickerView.m */ = {isa = PBXFileReference; fileEncoding = 4; lastKnownFileType = sourcecode.c.objc; path = CustomPickerView.m; sourceTree = "<group>"; };
		CF8800DE159C025000F01682 /* PopOutTableView.h */ = {isa = PBXFileReference; fileEncoding = 4; lastKnownFileType = sourcecode.c.h; path = PopOutTableView.h; sourceTree = "<group>"; };
		CF8800DF159C025000F01682 /* PopOutTableView.m */ = {isa = PBXFileReference; fileEncoding = 4; lastKnownFileType = sourcecode.c.objc; path = PopOutTableView.m; sourceTree = "<group>"; };
		CF8800E0159C025000F01682 /* Toast.h */ = {isa = PBXFileReference; fileEncoding = 4; lastKnownFileType = sourcecode.c.h; path = Toast.h; sourceTree = "<group>"; };
		CF8800E1159C025000F01682 /* Toast.m */ = {isa = PBXFileReference; fileEncoding = 4; lastKnownFileType = sourcecode.c.objc; path = Toast.m; sourceTree = "<group>"; };
		CF8800E2159C025000F01682 /* UITools.h */ = {isa = PBXFileReference; fileEncoding = 4; lastKnownFileType = sourcecode.c.h; path = UITools.h; sourceTree = "<group>"; };
		CF8800E3159C025000F01682 /* UITools.m */ = {isa = PBXFileReference; fileEncoding = 4; lastKnownFileType = sourcecode.c.objc; path = UITools.m; sourceTree = "<group>"; };
		CF8800E6159C025000F01682 /* CacheManager.h */ = {isa = PBXFileReference; fileEncoding = 4; lastKnownFileType = sourcecode.c.h; path = CacheManager.h; sourceTree = "<group>"; };
		CF8800E7159C025000F01682 /* SimpleCacheManager.h */ = {isa = PBXFileReference; fileEncoding = 4; lastKnownFileType = sourcecode.c.h; path = SimpleCacheManager.h; sourceTree = "<group>"; };
		CF8800E8159C025000F01682 /* SimpleCacheManager.m */ = {isa = PBXFileReference; fileEncoding = 4; lastKnownFileType = sourcecode.c.objc; path = SimpleCacheManager.m; sourceTree = "<group>"; };
		CF8800E9159C025000F01682 /* CodeUtils.h */ = {isa = PBXFileReference; fileEncoding = 4; lastKnownFileType = sourcecode.c.h; path = CodeUtils.h; sourceTree = "<group>"; };
		CF8800EA159C025000F01682 /* CodeUtils.m */ = {isa = PBXFileReference; fileEncoding = 4; lastKnownFileType = sourcecode.c.objc; path = CodeUtils.m; sourceTree = "<group>"; };
		CF8800EB159C025000F01682 /* CommonUtils.h */ = {isa = PBXFileReference; fileEncoding = 4; lastKnownFileType = sourcecode.c.h; path = CommonUtils.h; sourceTree = "<group>"; };
		CF8800EC159C025000F01682 /* CommonUtils.m */ = {isa = PBXFileReference; fileEncoding = 4; lastKnownFileType = sourcecode.c.objc; path = CommonUtils.m; sourceTree = "<group>"; };
		CF8800ED159C025000F01682 /* DelayController.h */ = {isa = PBXFileReference; fileEncoding = 4; lastKnownFileType = sourcecode.c.h; path = DelayController.h; sourceTree = "<group>"; };
		CF8800EE159C025000F01682 /* DelayController.m */ = {isa = PBXFileReference; fileEncoding = 4; lastKnownFileType = sourcecode.c.objc; path = DelayController.m; sourceTree = "<group>"; };
		CF8800EF159C025000F01682 /* KeyboardState.h */ = {isa = PBXFileReference; fileEncoding = 4; lastKnownFileType = sourcecode.c.h; path = KeyboardState.h; sourceTree = "<group>"; };
		CF8800F0159C025000F01682 /* KeyboardState.m */ = {isa = PBXFileReference; fileEncoding = 4; lastKnownFileType = sourcecode.c.objc; path = KeyboardState.m; sourceTree = "<group>"; };
		CF8800F3159C025000F01682 /* DBKeyValueManager.h */ = {isa = PBXFileReference; fileEncoding = 4; lastKnownFileType = sourcecode.c.h; path = DBKeyValueManager.h; sourceTree = "<group>"; };
		CF8800F4159C025000F01682 /* DBKeyValueManager.m */ = {isa = PBXFileReference; fileEncoding = 4; lastKnownFileType = sourcecode.c.objc; path = DBKeyValueManager.m; sourceTree = "<group>"; };
		CF8800F5159C025000F01682 /* KeyValueManager.h */ = {isa = PBXFileReference; fileEncoding = 4; lastKnownFileType = sourcecode.c.h; path = KeyValueManager.h; sourceTree = "<group>"; };
		CF8800F6159C025000F01682 /* TaskQueue.h */ = {isa = PBXFileReference; fileEncoding = 4; lastKnownFileType = sourcecode.c.h; path = TaskQueue.h; sourceTree = "<group>"; };
		CF8800F7159C025000F01682 /* TaskQueue.m */ = {isa = PBXFileReference; fileEncoding = 4; lastKnownFileType = sourcecode.c.objc; path = TaskQueue.m; sourceTree = "<group>"; };
		CF8800F8159C025000F01682 /* Timer.h */ = {isa = PBXFileReference; fileEncoding = 4; lastKnownFileType = sourcecode.c.h; path = Timer.h; sourceTree = "<group>"; };
		CF8800F9159C025000F01682 /* Timer.m */ = {isa = PBXFileReference; fileEncoding = 4; lastKnownFileType = sourcecode.c.objc; path = Timer.m; sourceTree = "<group>"; };
/* End PBXFileReference section */

/* Begin PBXFrameworksBuildPhase section */
		67C32C1F1599DD3D000E5533 /* Frameworks */ = {
			isa = PBXFrameworksBuildPhase;
			buildActionMask = 2147483647;
			files = (
				67C32C861599DF69000E5533 /* libsqlite3.dylib in Frameworks */,
				67C32C841599DF58000E5533 /* SystemConfiguration.framework in Frameworks */,
				67C32C271599DD3D000E5533 /* UIKit.framework in Frameworks */,
				67C32C291599DD3D000E5533 /* Foundation.framework in Frameworks */,
				67C32C2B1599DD3D000E5533 /* CoreGraphics.framework in Frameworks */,
			);
			runOnlyForDeploymentPostprocessing = 0;
		};
/* End PBXFrameworksBuildPhase section */

/* Begin PBXGroup section */
		67C32C171599DD3D000E5533 = {
			isa = PBXGroup;
			children = (
				67C32C851599DF69000E5533 /* libsqlite3.dylib */,
				67C32C831599DF58000E5533 /* SystemConfiguration.framework */,
				CF8800C7159C025000F01682 /* StarryLib */,
				67C32C2C1599DD3D000E5533 /* imysound */,
				67C32C251599DD3D000E5533 /* Frameworks */,
				67C32C231599DD3D000E5533 /* Products */,
			);
			sourceTree = "<group>";
		};
		67C32C231599DD3D000E5533 /* Products */ = {
			isa = PBXGroup;
			children = (
				67C32C221599DD3D000E5533 /* imysound.app */,
			);
			name = Products;
			sourceTree = "<group>";
		};
		67C32C251599DD3D000E5533 /* Frameworks */ = {
			isa = PBXGroup;
			children = (
				67C32C261599DD3D000E5533 /* UIKit.framework */,
				67C32C281599DD3D000E5533 /* Foundation.framework */,
				67C32C2A1599DD3D000E5533 /* CoreGraphics.framework */,
			);
			name = Frameworks;
			sourceTree = "<group>";
		};
		67C32C2C1599DD3D000E5533 /* imysound */ = {
			isa = PBXGroup;
			children = (
				67C32CCD1599E0E4000E5533 /* ViewControllers */,
				67C32C351599DD3D000E5533 /* AppDelegate.h */,
				67C32C361599DD3D000E5533 /* AppDelegate.m */,
				67C32C2D1599DD3D000E5533 /* Supporting Files */,
			);
			path = imysound;
			sourceTree = "<group>";
		};
		67C32C2D1599DD3D000E5533 /* Supporting Files */ = {
			isa = PBXGroup;
			children = (
				67C32C2E1599DD3D000E5533 /* imysound-Info.plist */,
				67C32C2F1599DD3D000E5533 /* InfoPlist.strings */,
				67C32C321599DD3D000E5533 /* main.m */,
				67C32C341599DD3D000E5533 /* imysound-Prefix.pch */,
			);
			name = "Supporting Files";
			sourceTree = "<group>";
		};
		67C32CCD1599E0E4000E5533 /* ViewControllers */ = {
			isa = PBXGroup;
			children = (
				67C32CD81599E365000E5533 /* Base */,
				67C32CCF1599E0F9000E5533 /* SoundListViewController.h */,
				67C32CD01599E0F9000E5533 /* SoundListViewController.m */,
			);
			name = ViewControllers;
			sourceTree = "<group>";
		};
		67C32CD81599E365000E5533 /* Base */ = {
			isa = PBXGroup;
			children = (
				67C32CD21599E11F000E5533 /* BaseViewController.h */,
				67C32CD31599E11F000E5533 /* BaseViewController.m */,
				67C32CD51599E1D6000E5533 /* BaseTableViewController.h */,
				67C32CD61599E1D6000E5533 /* BaseTableViewController.m */,
			);
			name = Base;
			sourceTree = "<group>";
		};
		CF8800C7159C025000F01682 /* StarryLib */ = {
			isa = PBXGroup;
			children = (
				CF8800C8159C025000F01682 /* Addition */,
				CF8800D1159C025000F01682 /* Net */,
				CF8800DB159C025000F01682 /* UI */,
				CF8800E4159C025000F01682 /* Utils */,
			);
			path = StarryLib;
			sourceTree = "<group>";
		};
		CF8800C8159C025000F01682 /* Addition */ = {
			isa = PBXGroup;
			children = (
				CF8800C9159C025000F01682 /* UIViewController+Alert.h */,
				CF8800CA159C025000F01682 /* UIViewController+Alert.m */,
				CF8800CB159C025000F01682 /* UIViewController+Loading.h */,
				CF8800CC159C025000F01682 /* UIViewController+Loading.m */,
				CF8800CD159C025000F01682 /* UIViewController+TabBar.h */,
				CF8800CE159C025000F01682 /* UIViewController+TabBar.m */,
				CF8800CF159C025000F01682 /* UIWebViewAdditions.h */,
				CF8800D0159C025000F01682 /* UIWebViewAdditions.m */,
			);
			path = Addition;
			sourceTree = "<group>";
		};
		CF8800D1159C025000F01682 /* Net */ = {
			isa = PBXGroup;
			children = (
				CF8800D2159C025000F01682 /* ContentProvider.h */,
				CF8800D3159C025000F01682 /* HTTPDownloader.h */,
				CF8800D4159C025000F01682 /* HTTPDownloader.m */,
				CF8800D5159C025000F01682 /* HTTPRequester.h */,
				CF8800D6159C025000F01682 /* HTTPRequester.m */,
				CF8800D7159C025000F01682 /* NetworkManager.h */,
				CF8800D8159C025000F01682 /* NetworkManager.m */,
				CF8800D9159C025000F01682 /* Reachability.h */,
				CF8800DA159C025000F01682 /* Reachability.m */,
			);
			path = Net;
			sourceTree = "<group>";
		};
		CF8800DB159C025000F01682 /* UI */ = {
			isa = PBXGroup;
			children = (
				CF8800DC159C025000F01682 /* CustomPickerView.h */,
				CF8800DD159C025000F01682 /* CustomPickerView.m */,
				CF8800DE159C025000F01682 /* PopOutTableView.h */,
				CF8800DF159C025000F01682 /* PopOutTableView.m */,
				CF8800E0159C025000F01682 /* Toast.h */,
				CF8800E1159C025000F01682 /* Toast.m */,
				CF8800E2159C025000F01682 /* UITools.h */,
				CF8800E3159C025000F01682 /* UITools.m */,
			);
			path = UI;
			sourceTree = "<group>";
		};
		CF8800E4159C025000F01682 /* Utils */ = {
			isa = PBXGroup;
			children = (
				CF8800E5159C025000F01682 /* CacheManager */,
				CF8800E9159C025000F01682 /* CodeUtils.h */,
				CF8800EA159C025000F01682 /* CodeUtils.m */,
				CF8800EB159C025000F01682 /* CommonUtils.h */,
				CF8800EC159C025000F01682 /* CommonUtils.m */,
				CF8800ED159C025000F01682 /* DelayController.h */,
				CF8800EE159C025000F01682 /* DelayController.m */,
				CF8800EF159C025000F01682 /* KeyboardState.h */,
				CF8800F0159C025000F01682 /* KeyboardState.m */,
				CF8800F1159C025000F01682 /* KeyValueManager */,
				CF8800F6159C025000F01682 /* TaskQueue.h */,
				CF8800F7159C025000F01682 /* TaskQueue.m */,
				CF8800F8159C025000F01682 /* Timer.h */,
				CF8800F9159C025000F01682 /* Timer.m */,
			);
			path = Utils;
			sourceTree = "<group>";
		};
		CF8800E5159C025000F01682 /* CacheManager */ = {
			isa = PBXGroup;
			children = (
				CF8800E6159C025000F01682 /* CacheManager.h */,
				CF8800E7159C025000F01682 /* SimpleCacheManager.h */,
				CF8800E8159C025000F01682 /* SimpleCacheManager.m */,
			);
			path = CacheManager;
			sourceTree = "<group>";
		};
		CF8800F1159C025000F01682 /* KeyValueManager */ = {
			isa = PBXGroup;
			children = (
				CF8800F2159C025000F01682 /* impl */,
				CF8800F5159C025000F01682 /* KeyValueManager.h */,
			);
			path = KeyValueManager;
			sourceTree = "<group>";
		};
		CF8800F2159C025000F01682 /* impl */ = {
			isa = PBXGroup;
			children = (
				CF8800F3159C025000F01682 /* DBKeyValueManager.h */,
				CF8800F4159C025000F01682 /* DBKeyValueManager.m */,
			);
			path = impl;
			sourceTree = "<group>";
		};
/* End PBXGroup section */

/* Begin PBXNativeTarget section */
		67C32C211599DD3D000E5533 /* imysound */ = {
			isa = PBXNativeTarget;
			buildConfigurationList = 67C32C3A1599DD3D000E5533 /* Build configuration list for PBXNativeTarget "imysound" */;
			buildPhases = (
				67C32C1E1599DD3D000E5533 /* Sources */,
				67C32C1F1599DD3D000E5533 /* Frameworks */,
				67C32C201599DD3D000E5533 /* Resources */,
			);
			buildRules = (
			);
			dependencies = (
			);
			name = imysound;
			productName = imysound;
			productReference = 67C32C221599DD3D000E5533 /* imysound.app */;
			productType = "com.apple.product-type.application";
		};
/* End PBXNativeTarget section */

/* Begin PBXProject section */
		67C32C191599DD3D000E5533 /* Project object */ = {
			isa = PBXProject;
			attributes = {
				LastUpgradeCheck = 0430;
			};
			buildConfigurationList = 67C32C1C1599DD3D000E5533 /* Build configuration list for PBXProject "imysound" */;
			compatibilityVersion = "Xcode 3.2";
			developmentRegion = English;
			hasScannedForEncodings = 0;
			knownRegions = (
				en,
			);
			mainGroup = 67C32C171599DD3D000E5533;
			productRefGroup = 67C32C231599DD3D000E5533 /* Products */;
			projectDirPath = "";
			projectRoot = "";
			targets = (
				67C32C211599DD3D000E5533 /* imysound */,
			);
		};
/* End PBXProject section */

/* Begin PBXResourcesBuildPhase section */
		67C32C201599DD3D000E5533 /* Resources */ = {
			isa = PBXResourcesBuildPhase;
			buildActionMask = 2147483647;
			files = (
				67C32C311599DD3D000E5533 /* InfoPlist.strings in Resources */,
			);
			runOnlyForDeploymentPostprocessing = 0;
		};
/* End PBXResourcesBuildPhase section */

/* Begin PBXSourcesBuildPhase section */
		67C32C1E1599DD3D000E5533 /* Sources */ = {
			isa = PBXSourcesBuildPhase;
			buildActionMask = 2147483647;
			files = (
				67C32C331599DD3D000E5533 /* main.m in Sources */,
				67C32C371599DD3D000E5533 /* AppDelegate.m in Sources */,
				67C32CD11599E0F9000E5533 /* SoundListViewController.m in Sources */,
				67C32CD41599E11F000E5533 /* BaseViewController.m in Sources */,
				67C32CD71599E1D6000E5533 /* BaseTableViewController.m in Sources */,
				CF8800FA159C025100F01682 /* UIViewController+Alert.m in Sources */,
				CF8800FB159C025100F01682 /* UIViewController+Loading.m in Sources */,
				CF8800FC159C025100F01682 /* UIViewController+TabBar.m in Sources */,
				CF8800FD159C025100F01682 /* UIWebViewAdditions.m in Sources */,
				CF8800FE159C025100F01682 /* HTTPDownloader.m in Sources */,
				CF8800FF159C025100F01682 /* HTTPRequester.m in Sources */,
				CF880100159C025100F01682 /* NetworkManager.m in Sources */,
				CF880101159C025100F01682 /* Reachability.m in Sources */,
				CF880102159C025100F01682 /* CustomPickerView.m in Sources */,
				CF880103159C025100F01682 /* PopOutTableView.m in Sources */,
				CF880104159C025100F01682 /* Toast.m in Sources */,
				CF880105159C025100F01682 /* UITools.m in Sources */,
				CF880106159C025100F01682 /* SimpleCacheManager.m in Sources */,
				CF880107159C025100F01682 /* CodeUtils.m in Sources */,
				CF880108159C025100F01682 /* CommonUtils.m in Sources */,
				CF880109159C025100F01682 /* DelayController.m in Sources */,
				CF88010A159C025100F01682 /* KeyboardState.m in Sources */,
				CF88010B159C025100F01682 /* DBKeyValueManager.m in Sources */,
				CF88010C159C025100F01682 /* TaskQueue.m in Sources */,
				CF88010D159C025100F01682 /* Timer.m in Sources */,
			);
			runOnlyForDeploymentPostprocessing = 0;
		};
/* End PBXSourcesBuildPhase section */

/* Begin PBXVariantGroup section */
		67C32C2F1599DD3D000E5533 /* InfoPlist.strings */ = {
			isa = PBXVariantGroup;
			children = (
				67C32C301599DD3D000E5533 /* en */,
			);
			name = InfoPlist.strings;
			sourceTree = "<group>";
		};
/* End PBXVariantGroup section */

/* Begin XCBuildConfiguration section */
		67C32C381599DD3D000E5533 /* Debug */ = {
			isa = XCBuildConfiguration;
			buildSettings = {
				ALWAYS_SEARCH_USER_PATHS = NO;
				ARCHS = "$(ARCHS_STANDARD_32_BIT)";
				"CODE_SIGN_IDENTITY[sdk=iphoneos*]" = "iPhone Developer";
				COPY_PHASE_STRIP = NO;
				GCC_C_LANGUAGE_STANDARD = gnu99;
				GCC_DYNAMIC_NO_PIC = NO;
				GCC_OPTIMIZATION_LEVEL = 0;
				GCC_PREPROCESSOR_DEFINITIONS = (
					"DEBUG=1",
					"$(inherited)",
				);
				GCC_SYMBOLS_PRIVATE_EXTERN = NO;
				GCC_VERSION = com.apple.compilers.llvm.clang.1_0;
				GCC_WARN_ABOUT_RETURN_TYPE = YES;
				GCC_WARN_UNINITIALIZED_AUTOS = YES;
				GCC_WARN_UNUSED_VARIABLE = YES;
				IPHONEOS_DEPLOYMENT_TARGET = 5.1;
				SDKROOT = iphoneos;
				TARGETED_DEVICE_FAMILY = "1,2";
			};
			name = Debug;
		};
		67C32C391599DD3D000E5533 /* Release */ = {
			isa = XCBuildConfiguration;
			buildSettings = {
				ALWAYS_SEARCH_USER_PATHS = NO;
				ARCHS = "$(ARCHS_STANDARD_32_BIT)";
				"CODE_SIGN_IDENTITY[sdk=iphoneos*]" = "iPhone Developer";
				COPY_PHASE_STRIP = YES;
				GCC_C_LANGUAGE_STANDARD = gnu99;
				GCC_VERSION = com.apple.compilers.llvm.clang.1_0;
				GCC_WARN_ABOUT_RETURN_TYPE = YES;
				GCC_WARN_UNINITIALIZED_AUTOS = YES;
				GCC_WARN_UNUSED_VARIABLE = YES;
				IPHONEOS_DEPLOYMENT_TARGET = 5.1;
				OTHER_CFLAGS = "-DNS_BLOCK_ASSERTIONS=1";
				SDKROOT = iphoneos;
				TARGETED_DEVICE_FAMILY = "1,2";
				VALIDATE_PRODUCT = YES;
			};
			name = Release;
		};
		67C32C3B1599DD3D000E5533 /* Debug */ = {
			isa = XCBuildConfiguration;
			buildSettings = {
				GCC_PRECOMPILE_PREFIX_HEADER = YES;
				GCC_PREFIX_HEADER = "imysound/imysound-Prefix.pch";
				INFOPLIST_FILE = "imysound/imysound-Info.plist";
				PRODUCT_NAME = "$(TARGET_NAME)";
				WRAPPER_EXTENSION = app;
			};
			name = Debug;
		};
		67C32C3C1599DD3D000E5533 /* Release */ = {
			isa = XCBuildConfiguration;
			buildSettings = {
				GCC_PRECOMPILE_PREFIX_HEADER = YES;
				GCC_PREFIX_HEADER = "imysound/imysound-Prefix.pch";
				INFOPLIST_FILE = "imysound/imysound-Info.plist";
				PRODUCT_NAME = "$(TARGET_NAME)";
				WRAPPER_EXTENSION = app;
			};
			name = Release;
		};
/* End XCBuildConfiguration section */

/* Begin XCConfigurationList section */
		67C32C1C1599DD3D000E5533 /* Build configuration list for PBXProject "imysound" */ = {
			isa = XCConfigurationList;
			buildConfigurations = (
				67C32C381599DD3D000E5533 /* Debug */,
				67C32C391599DD3D000E5533 /* Release */,
			);
			defaultConfigurationIsVisible = 0;
			defaultConfigurationName = Release;
		};
		67C32C3A1599DD3D000E5533 /* Build configuration list for PBXNativeTarget "imysound" */ = {
			isa = XCConfigurationList;
			buildConfigurations = (
				67C32C3B1599DD3D000E5533 /* Debug */,
				67C32C3C1599DD3D000E5533 /* Release */,
			);
			defaultConfigurationIsVisible = 0;
			defaultConfigurationName = Release;
		};
/* End XCConfigurationList section */
	};
	rootObject = 67C32C191599DD3D000E5533 /* Project object */;
}
